
Microsoft Visual Studio Solution File, Format Version 12.00
# Visual Studio Version 16
VisualStudioVersion = 16.0.32002.261
MinimumVisualStudioVersion = 10.0.40219.1
Project("{FAE04EC0-301F-11D3-BF4B-00C04F79EFBC}") = "PrecipitationMLNet", "PrecipitationMLNet.csproj", "{C7BC541F-7E12-4314-A20A-E46906334037}"
EndProject
Global
	GlobalSection(SolutionConfigurationPlatforms) = preSolution
		Debug|Any CPU = Debug|Any CPU
		Release|Any CPU = Release|Any CPU
	EndGlobalSection
	GlobalSection(ProjectConfigurationPlatforms) = postSolution
		{C7BC541F-7E12-4314-A20A-E46906334037}.Debug|Any CPU.ActiveCfg = Debug|Any CPU
		{C7BC541F-7E12-4314-A20A-E46906334037}.Debug|Any CPU.Build.0 = Debug|Any CPU
		{C7BC541F-7E12-4314-A20A-E46906334037}.Release|Any CPU.ActiveCfg = Release|Any CPU
		{C7BC541F-7E12-4314-A20A-E46906334037}.Release|Any CPU.Build.0 = Release|Any CPU
	EndGlobalSection
	GlobalSection(SolutionProperties) = preSolution
		HideSolutionNode = FALSE
	EndGlobalSection
	GlobalSection(ExtensibilityGlobals) = postSolution
		SolutionGuid = {87B3AA8E-ADA4-432C-9F7B-6E64C0A0A642}
	EndGlobalSection
EndGlobal
